
Microsoft Visual Studio Solution File, Format Version 11.00
# Visual Studio 2010
Project("{FAE04EC0-301F-11D3-BF4B-00C04F79EFBC}") = "XuanJiSocket", "SocketHelper\XuanJiSocket\XuanJiSocket.csproj", "{857478EA-736C-4706-B487-42E5C63363F3}"
EndProject
Project("{FAE04EC0-301F-11D3-BF4B-00C04F79EFBC}") = "ServerDemo", "ServerDemo\ServerDemo.csproj", "{DEAF4615-8423-4BF4-9B8C-D6952D16B3D0}"
EndProject
Project("{FAE04EC0-301F-11D3-BF4B-00C04F79EFBC}") = "ClientDemo", "ClientDemo\ClientDemo.csproj", "{69CAFF6F-D65F-4FD8-9188-6CEE381E8456}"
EndProject
Global
	GlobalSection(SolutionConfigurationPlatforms) = preSolution
		Debug|Any CPU = Debug|Any CPU
		Debug|Mixed Platforms = Debug|Mixed Platforms
		Debug|x86 = Debug|x86
		Release|Any CPU = Release|Any CPU
		Release|Mixed Platforms = Release|Mixed Platforms
		Release|x86 = Release|x86
	EndGlobalSection
	GlobalSection(ProjectConfigurationPlatforms) = postSolution
		{857478EA-736C-4706-B487-42E5C63363F3}.Debug|Any CPU.ActiveCfg = Debug|Any CPU
		{857478EA-736C-4706-B487-42E5C63363F3}.Debug|Any CPU.Build.0 = Debug|Any CPU
		{857478EA-736C-4706-B487-42E5C63363F3}.Debug|Mixed Platforms.ActiveCfg = Debug|Any CPU
		{857478EA-736C-4706-B487-42E5C63363F3}.Debug|Mixed Platforms.Build.0 = Debug|Any CPU
		{857478EA-736C-4706-B487-42E5C63363F3}.Debug|x86.ActiveCfg = Debug|Any CPU
		{857478EA-736C-4706-B487-42E5C63363F3}.Release|Any CPU.ActiveCfg = Release|Any CPU
		{857478EA-736C-4706-B487-42E5C63363F3}.Release|Any CPU.Build.0 = Release|Any CPU
		{857478EA-736C-4706-B487-42E5C63363F3}.Release|Mixed Platforms.ActiveCfg = Release|Any CPU
		{857478EA-736C-4706-B487-42E5C63363F3}.Release|Mixed Platforms.Build.0 = Release|Any CPU
		{857478EA-736C-4706-B487-42E5C63363F3}.Release|x86.ActiveCfg = Release|Any CPU
		{DEAF4615-8423-4BF4-9B8C-D6952D16B3D0}.Debug|Any CPU.ActiveCfg = Debug|x86
		{DEAF4615-8423-4BF4-9B8C-D6952D16B3D0}.Debug|Mixed Platforms.ActiveCfg = Debug|x86
		{DEAF4615-8423-4BF4-9B8C-D6952D16B3D0}.Debug|Mixed Platforms.Build.0 = Debug|x86
		{DEAF4615-8423-4BF4-9B8C-D6952D16B3D0}.Debug|x86.ActiveCfg = Debug|x86
		{DEAF4615-8423-4BF4-9B8C-D6952D16B3D0}.Debug|x86.Build.0 = Debug|x86
		{DEAF4615-8423-4BF4-9B8C-D6952D16B3D0}.Release|Any CPU.ActiveCfg = Release|x86
		{DEAF4615-8423-4BF4-9B8C-D6952D16B3D0}.Release|Mixed Platforms.ActiveCfg = Release|x86
		{DEAF4615-8423-4BF4-9B8C-D6952D16B3D0}.Release|Mixed Platforms.Build.0 = Release|x86
		{DEAF4615-8423-4BF4-9B8C-D6952D16B3D0}.Release|x86.ActiveCfg = Release|x86
		{DEAF4615-8423-4BF4-9B8C-D6952D16B3D0}.Release|x86.Build.0 = Release|x86
		{69CAFF6F-D65F-4FD8-9188-6CEE381E8456}.Debug|Any CPU.ActiveCfg = Debug|x86
		{69CAFF6F-D65F-4FD8-9188-6CEE381E8456}.Debug|Mixed Platforms.ActiveCfg = Debug|x86
		{69CAFF6F-D65F-4FD8-9188-6CEE381E8456}.Debug|Mixed Platforms.Build.0 = Debug|x86
		{69CAFF6F-D65F-4FD8-9188-6CEE381E8456}.Debug|x86.ActiveCfg = Debug|x86
		{69CAFF6F-D65F-4FD8-9188-6CEE381E8456}.Debug|x86.Build.0 = Debug|x86
		{69CAFF6F-D65F-4FD8-9188-6CEE381E8456}.Release|Any CPU.ActiveCfg = Release|x86
		{69CAFF6F-D65F-4FD8-9188-6CEE381E8456}.Release|Mixed Platforms.ActiveCfg = Release|x86
		{69CAFF6F-D65F-4FD8-9188-6CEE381E8456}.Release|Mixed Platforms.Build.0 = Release|x86
		{69CAFF6F-D65F-4FD8-9188-6CEE381E8456}.Release|x86.ActiveCfg = Release|x86
		{69CAFF6F-D65F-4FD8-9188-6CEE381E8456}.Release|x86.Build.0 = Release|x86
	EndGlobalSection
	GlobalSection(SolutionProperties) = preSolution
		HideSolutionNode = FALSE
	EndGlobalSection
EndGlobal
